
Microsoft Visual Studio Solution File, Format Version 12.00
# Visual Studio 2013
VisualStudioVersion = 12.0.40629.0
MinimumVisualStudioVersion = 10.0.40219.1
Project("{8BC9CEB8-8B4A-11D0-8D11-00A0C91BC942}") = "IronAgeTales", "IronAgeTales\IronAgeTales.vcxproj", "{E13230FE-12FE-48A5-8860-8245A83507E7}"
EndProject
Project("{8BC9CEB8-8B4A-11D0-8D11-00A0C91BC942}") = "LvlMgr", "LvlMgr\LvlMgr.vcxproj", "{AFB0AD6B-0FC5-44D1-85EB-485801A622A1}"
EndProject
Project("{8BC9CEB8-8B4A-11D0-8D11-00A0C91BC942}") = "WorldGen", "WorldGen\WorldGen.vcxproj", "{AD4B7637-7C3D-4918-BE7D-D80B4BE85D62}"
	ProjectSection(ProjectDependencies) = postProject
		{E13230FE-12FE-48A5-8860-8245A83507E7} = {E13230FE-12FE-48A5-8860-8245A83507E7}
	EndProjectSection
EndProject
Project("{8BC9CEB8-8B4A-11D0-8D11-00A0C91BC942}") = "FastNoise", "FastNoise\FastNoise.vcxproj", "{04B1B7BA-FB97-4850-9487-66F21C69D9CA}"
EndProject
Global
	GlobalSection(SolutionConfigurationPlatforms) = preSolution
		Debug|Win32 = Debug|Win32
		Release|Win32 = Release|Win32
	EndGlobalSection
	GlobalSection(ProjectConfigurationPlatforms) = postSolution
		{E13230FE-12FE-48A5-8860-8245A83507E7}.Debug|Win32.ActiveCfg = Debug|Win32
		{E13230FE-12FE-48A5-8860-8245A83507E7}.Debug|Win32.Build.0 = Debug|Win32
		{E13230FE-12FE-48A5-8860-8245A83507E7}.Release|Win32.ActiveCfg = Release|Win32
		{E13230FE-12FE-48A5-8860-8245A83507E7}.Release|Win32.Build.0 = Release|Win32
		{AFB0AD6B-0FC5-44D1-85EB-485801A622A1}.Debug|Win32.ActiveCfg = Debug|Win32
		{AFB0AD6B-0FC5-44D1-85EB-485801A622A1}.Debug|Win32.Build.0 = Debug|Win32
		{AFB0AD6B-0FC5-44D1-85EB-485801A622A1}.Release|Win32.ActiveCfg = Release|Win32
		{AFB0AD6B-0FC5-44D1-85EB-485801A622A1}.Release|Win32.Build.0 = Release|Win32
		{AD4B7637-7C3D-4918-BE7D-D80B4BE85D62}.Debug|Win32.ActiveCfg = Debug|Win32
		{AD4B7637-7C3D-4918-BE7D-D80B4BE85D62}.Debug|Win32.Build.0 = Debug|Win32
		{AD4B7637-7C3D-4918-BE7D-D80B4BE85D62}.Release|Win32.ActiveCfg = Release|Win32
		{AD4B7637-7C3D-4918-BE7D-D80B4BE85D62}.Release|Win32.Build.0 = Release|Win32
		{04B1B7BA-FB97-4850-9487-66F21C69D9CA}.Debug|Win32.ActiveCfg = Debug|Win32
		{04B1B7BA-FB97-4850-9487-66F21C69D9CA}.Release|Win32.ActiveCfg = Release|Win32
		{04B1B7BA-FB97-4850-9487-66F21C69D9CA}.Release|Win32.Build.0 = Release|Win32
	EndGlobalSection
	GlobalSection(SolutionProperties) = preSolution
		HideSolutionNode = FALSE
	EndGlobalSection
EndGlobal
